
Microsoft Visual Studio Solution File, Format Version 12.00
# Visual Studio 15
Project("{FAE04EC0-301F-11D3-BF4B-00C04F79EFBC}") = "GTA new one", "Assembly-CSharp.csproj", "{EFA2A96C-30ED-A83F-6384-6B72AE3B60F8}"
EndProject
Global
	GlobalSection(SolutionConfigurationPlatforms) = preSolution
		Debug|Any CPU = Debug|Any CPU
		Release|Any CPU = Release|Any CPU
	EndGlobalSection
	GlobalSection(ProjectConfigurationPlatforms) = postSolution
		{EFA2A96C-30ED-A83F-6384-6B72AE3B60F8}.Debug|Any CPU.ActiveCfg = Debug|Any CPU
		{EFA2A96C-30ED-A83F-6384-6B72AE3B60F8}.Debug|Any CPU.Build.0 = Debug|Any CPU
		{EFA2A96C-30ED-A83F-6384-6B72AE3B60F8}.Release|Any CPU.ActiveCfg = Release|Any CPU
		{EFA2A96C-30ED-A83F-6384-6B72AE3B60F8}.Release|Any CPU.Build.0 = Release|Any CPU
	EndGlobalSection
	GlobalSection(SolutionProperties) = preSolution
		HideSolutionNode = FALSE
	EndGlobalSection
EndGlobal
